<Solution>
  <Folder Name="/Solution Items/">
    <File Path=".gtignore" />
  </Folder>
  <Project Path="ResourceHub.API/ResourceHub.API.csproj" />
  <Project Path="ResourceHub.Application/ResourceHub.Application.csproj" />
  <Project Path="ResourceHub.Domain/ResourceHub.Domain.csproj" />
  <Project Path="ResourceHub.Infrastructure/ResourceHub.Infrastructure.csproj" />
  <Project Path="ResourceHub.Service/ResourceHub.Service.csproj" />
</Solution>
